
Microsoft Visual Studio Solution File, Format Version 12.00
# Visual Studio Version 17
VisualStudioVersion = 17.13.36105.23
MinimumVisualStudioVersion = 10.0.40219.1
Project("{FAE04EC0-301F-11D3-BF4B-00C04F79EFBC}") = "WebAppAPI", "APIL\WebAppAPI.csproj", "{CB2A7A8E-22B6-409C-8F11-B460B277EC7A}"
EndProject
Project("{FAE04EC0-301F-11D3-BF4B-00C04F79EFBC}") = "Repositories", "BLL\Repositories.csproj", "{47159053-A83F-43C6-9C46-15981542EA65}"
EndProject
Project("{FAE04EC0-301F-11D3-BF4B-00C04F79EFBC}") = "BusinessObject", "BusinessObject\BusinessObject.csproj", "{F95A8881-CAF4-4A3C-94D4-A55574D1853C}"
EndProject
Project("{FAE04EC0-301F-11D3-BF4B-00C04F79EFBC}") = "DataAccessLayer", "DataAccessLayer\DataAccessLayer.csproj", "{E3CF8873-BDAB-40F5-A535-63CC82C8B716}"
EndProject
Global
	GlobalSection(SolutionConfigurationPlatforms) = preSolution
		Debug|Any CPU = Debug|Any CPU
		Release|Any CPU = Release|Any CPU
	EndGlobalSection
	GlobalSection(ProjectConfigurationPlatforms) = postSolution
		{CB2A7A8E-22B6-409C-8F11-B460B277EC7A}.Debug|Any CPU.ActiveCfg = Debug|Any CPU
		{CB2A7A8E-22B6-409C-8F11-B460B277EC7A}.Debug|Any CPU.Build.0 = Debug|Any CPU
		{CB2A7A8E-22B6-409C-8F11-B460B277EC7A}.Release|Any CPU.ActiveCfg = Release|Any CPU
		{CB2A7A8E-22B6-409C-8F11-B460B277EC7A}.Release|Any CPU.Build.0 = Release|Any CPU
		{47159053-A83F-43C6-9C46-15981542EA65}.Debug|Any CPU.ActiveCfg = Debug|Any CPU
		{47159053-A83F-43C6-9C46-15981542EA65}.Debug|Any CPU.Build.0 = Debug|Any CPU
		{47159053-A83F-43C6-9C46-15981542EA65}.Release|Any CPU.ActiveCfg = Release|Any CPU
		{47159053-A83F-43C6-9C46-15981542EA65}.Release|Any CPU.Build.0 = Release|Any CPU
		{F95A8881-CAF4-4A3C-94D4-A55574D1853C}.Debug|Any CPU.ActiveCfg = Debug|Any CPU
		{F95A8881-CAF4-4A3C-94D4-A55574D1853C}.Debug|Any CPU.Build.0 = Debug|Any CPU
		{F95A8881-CAF4-4A3C-94D4-A55574D1853C}.Release|Any CPU.ActiveCfg = Release|Any CPU
		{F95A8881-CAF4-4A3C-94D4-A55574D1853C}.Release|Any CPU.Build.0 = Release|Any CPU
		{E3CF8873-BDAB-40F5-A535-63CC82C8B716}.Debug|Any CPU.ActiveCfg = Debug|Any CPU
		{E3CF8873-BDAB-40F5-A535-63CC82C8B716}.Debug|Any CPU.Build.0 = Debug|Any CPU
		{E3CF8873-BDAB-40F5-A535-63CC82C8B716}.Release|Any CPU.ActiveCfg = Release|Any CPU
		{E3CF8873-BDAB-40F5-A535-63CC82C8B716}.Release|Any CPU.Build.0 = Release|Any CPU
	EndGlobalSection
	GlobalSection(SolutionProperties) = preSolution
		HideSolutionNode = FALSE
	EndGlobalSection
	GlobalSection(ExtensibilityGlobals) = postSolution
		SolutionGuid = {48364ED7-0888-45F5-8DAC-BE8B88F36CB3}
	EndGlobalSection
EndGlobal
